
Microsoft Visual Studio Solution File, Format Version 12.00
# Visual Studio Version 17
VisualStudioVersion = 17.9.34902.65
MinimumVisualStudioVersion = 10.0.40219.1
Project("{FAE04EC0-301F-11D3-BF4B-00C04F79EFBC}") = "YouTubeDownloader", "YouTubeDownloader.csproj", "{BA434F18-D49D-4332-9512-51F9BBBB19C7}"
EndProject
Global
	GlobalSection(SolutionConfigurationPlatforms) = preSolution
		Debug|Any CPU = Debug|Any CPU
		Release|Any CPU = Release|Any CPU
	EndGlobalSection
	GlobalSection(ProjectConfigurationPlatforms) = postSolution
		{BA434F18-D49D-4332-9512-51F9BBBB19C7}.Debug|Any CPU.ActiveCfg = Debug|Any CPU
		{BA434F18-D49D-4332-9512-51F9BBBB19C7}.Debug|Any CPU.Build.0 = Debug|Any CPU
		{BA434F18-D49D-4332-9512-51F9BBBB19C7}.Release|Any CPU.ActiveCfg = Release|Any CPU
		{BA434F18-D49D-4332-9512-51F9BBBB19C7}.Release|Any CPU.Build.0 = Release|Any CPU
	EndGlobalSection
	GlobalSection(SolutionProperties) = preSolution
		HideSolutionNode = FALSE
	EndGlobalSection
	GlobalSection(ExtensibilityGlobals) = postSolution
		SolutionGuid = {E76360F0-5C52-4520-99DE-3CD6B3E12E5A}
	EndGlobalSection
EndGlobal
